// !$*UTF8*$!
{
	archiveVersion = 1;
	classes = {
	};
	objectVersion = 46;
	objects = {

/* Begin PBXBuildFile section */
		08638FB61909968F006CB54E /* Foundation.framework in Frameworks */ = {isa = PBXBuildFile; fileRef = 08638FB51909968F006CB54E /* Foundation.framework */; };
		08638FB81909968F006CB54E /* CoreGraphics.framework in Frameworks */ = {isa = PBXBuildFile; fileRef = 08638FB71909968F006CB54E /* CoreGraphics.framework */; };
		08638FBA1909968F006CB54E /* UIKit.framework in Frameworks */ = {isa = PBXBuildFile; fileRef = 08638FB91909968F006CB54E /* UIKit.framework */; };
		08638FC01909968F006CB54E /* InfoPlist.strings in Resources */ = {isa = PBXBuildFile; fileRef = 08638FBE1909968F006CB54E /* InfoPlist.strings */; };
		08638FC21909968F006CB54E /* main.m in Sources */ = {isa = PBXBuildFile; fileRef = 08638FC11909968F006CB54E /* main.m */; };
		08638FC61909968F006CB54E /* SEAppDelegate.m in Sources */ = {isa = PBXBuildFile; fileRef = 08638FC51909968F006CB54E /* SEAppDelegate.m */; };
		08638FC81909968F006CB54E /* Images.xcassets in Resources */ = {isa = PBXBuildFile; fileRef = 08638FC71909968F006CB54E /* Images.xcassets */; };
		08638FCF1909968F006CB54E /* XCTest.framework in Frameworks */ = {isa = PBXBuildFile; fileRef = 08638FCE1909968F006CB54E /* XCTest.framework */; };
		08638FD01909968F006CB54E /* Foundation.framework in Frameworks */ = {isa = PBXBuildFile; fileRef = 08638FB51909968F006CB54E /* Foundation.framework */; };
		08638FD11909968F006CB54E /* UIKit.framework in Frameworks */ = {isa = PBXBuildFile; fileRef = 08638FB91909968F006CB54E /* UIKit.framework */; };
		08638FD91909968F006CB54E /* InfoPlist.strings in Resources */ = {isa = PBXBuildFile; fileRef = 08638FD71909968F006CB54E /* InfoPlist.strings */; };
		08638FDB1909968F006CB54E /* SurveyExampleTests.m in Sources */ = {isa = PBXBuildFile; fileRef = 08638FDA1909968F006CB54E /* SurveyExampleTests.m */; };
		08638FE519099696006CB54E /* libSurvey.a in Frameworks */ = {isa = PBXBuildFile; fileRef = 08638FE419099696006CB54E /* libSurvey.a */; };
		08D301EE1909D1B80031EBCF /* SEUserFormTableViewController.m in Sources */ = {isa = PBXBuildFile; fileRef = 08D301ED1909D1B80031EBCF /* SEUserFormTableViewController.m */; };
		08D301F11909D1CE0031EBCF /* SEUserForm.m in Sources */ = {isa = PBXBuildFile; fileRef = 08D301F01909D1CE0031EBCF /* SEUserForm.m */; };
/* End PBXBuildFile section */

/* Begin PBXContainerItemProxy section */
		08638FD21909968F006CB54E /* PBXContainerItemProxy */ = {
			isa = PBXContainerItemProxy;
			containerPortal = 08638FAA1909968F006CB54E /* Project object */;
			proxyType = 1;
			remoteGlobalIDString = 08638FB11909968F006CB54E;
			remoteInfo = SurveyExample;
		};
/* End PBXContainerItemProxy section */

/* Begin PBXFileReference section */
		08638FB21909968F006CB54E /* SurveyExample.app */ = {isa = PBXFileReference; explicitFileType = wrapper.application; includeInIndex = 0; path = SurveyExample.app; sourceTree = BUILT_PRODUCTS_DIR; };
		08638FB51909968F006CB54E /* Foundation.framework */ = {isa = PBXFileReference; lastKnownFileType = wrapper.framework; name = Foundation.framework; path = System/Library/Frameworks/Foundation.framework; sourceTree = SDKROOT; };
		08638FB71909968F006CB54E /* CoreGraphics.framework */ = {isa = PBXFileReference; lastKnownFileType = wrapper.framework; name = CoreGraphics.framework; path = System/Library/Frameworks/CoreGraphics.framework; sourceTree = SDKROOT; };
		08638FB91909968F006CB54E /* UIKit.framework */ = {isa = PBXFileReference; lastKnownFileType = wrapper.framework; name = UIKit.framework; path = System/Library/Frameworks/UIKit.framework; sourceTree = SDKROOT; };
		08638FBD1909968F006CB54E /* SurveyExample-Info.plist */ = {isa = PBXFileReference; lastKnownFileType = text.plist.xml; path = "SurveyExample-Info.plist"; sourceTree = "<group>"; };
		08638FBF1909968F006CB54E /* en */ = {isa = PBXFileReference; lastKnownFileType = text.plist.strings; name = en; path = en.lproj/InfoPlist.strings; sourceTree = "<group>"; };
		08638FC11909968F006CB54E /* main.m */ = {isa = PBXFileReference; lastKnownFileType = sourcecode.c.objc; path = main.m; sourceTree = "<group>"; };
		08638FC31909968F006CB54E /* SurveyExample-Prefix.pch */ = {isa = PBXFileReference; lastKnownFileType = sourcecode.c.h; path = "SurveyExample-Prefix.pch"; sourceTree = "<group>"; };
		08638FC41909968F006CB54E /* SEAppDelegate.h */ = {isa = PBXFileReference; lastKnownFileType = sourcecode.c.h; path = SEAppDelegate.h; sourceTree = "<group>"; };
		08638FC51909968F006CB54E /* SEAppDelegate.m */ = {isa = PBXFileReference; lastKnownFileType = sourcecode.c.objc; path = SEAppDelegate.m; sourceTree = "<group>"; };
		08638FC71909968F006CB54E /* Images.xcassets */ = {isa = PBXFileReference; lastKnownFileType = folder.assetcatalog; path = Images.xcassets; sourceTree = "<group>"; };
		08638FCD1909968F006CB54E /* SurveyExampleTests.xctest */ = {isa = PBXFileReference; explicitFileType = wrapper.cfbundle; includeInIndex = 0; path = SurveyExampleTests.xctest; sourceTree = BUILT_PRODUCTS_DIR; };
		08638FCE1909968F006CB54E /* XCTest.framework */ = {isa = PBXFileReference; lastKnownFileType = wrapper.framework; name = XCTest.framework; path = Library/Frameworks/XCTest.framework; sourceTree = DEVELOPER_DIR; };
		08638FD61909968F006CB54E /* SurveyExampleTests-Info.plist */ = {isa = PBXFileReference; lastKnownFileType = text.plist.xml; path = "SurveyExampleTests-Info.plist"; sourceTree = "<group>"; };
		08638FD81909968F006CB54E /* en */ = {isa = PBXFileReference; lastKnownFileType = text.plist.strings; name = en; path = en.lproj/InfoPlist.strings; sourceTree = "<group>"; };
		08638FDA1909968F006CB54E /* SurveyExampleTests.m */ = {isa = PBXFileReference; lastKnownFileType = sourcecode.c.objc; path = SurveyExampleTests.m; sourceTree = "<group>"; };
		08638FE419099696006CB54E /* libSurvey.a */ = {isa = PBXFileReference; lastKnownFileType = archive.ar; name = libSurvey.a; path = "../Survey/build/Debug-iphoneos/libSurvey.a"; sourceTree = "<group>"; };
		08D301EC1909D1B80031EBCF /* SEUserFormTableViewController.h */ = {isa = PBXFileReference; fileEncoding = 4; lastKnownFileType = sourcecode.c.h; path = SEUserFormTableViewController.h; sourceTree = "<group>"; };
		08D301ED1909D1B80031EBCF /* SEUserFormTableViewController.m */ = {isa = PBXFileReference; fileEncoding = 4; lastKnownFileType = sourcecode.c.objc; path = SEUserFormTableViewController.m; sourceTree = "<group>"; };
		08D301EF1909D1CE0031EBCF /* SEUserForm.h */ = {isa = PBXFileReference; fileEncoding = 4; lastKnownFileType = sourcecode.c.h; path = SEUserForm.h; sourceTree = "<group>"; };
		08D301F01909D1CE0031EBCF /* SEUserForm.m */ = {isa = PBXFileReference; fileEncoding = 4; lastKnownFileType = sourcecode.c.objc; path = SEUserForm.m; sourceTree = "<group>"; };
/* End PBXFileReference section */

/* Begin PBXFrameworksBuildPhase section */
		08638FAF1909968F006CB54E /* Frameworks */ = {
			isa = PBXFrameworksBuildPhase;
			buildActionMask = 2147483647;
			files = (
				08638FE519099696006CB54E /* libSurvey.a in Frameworks */,
				08638FB81909968F006CB54E /* CoreGraphics.framework in Frameworks */,
				08638FBA1909968F006CB54E /* UIKit.framework in Frameworks */,
				08638FB61909968F006CB54E /* Foundation.framework in Frameworks */,
			);
			runOnlyForDeploymentPostprocessing = 0;
		};
		08638FCA1909968F006CB54E /* Frameworks */ = {
			isa = PBXFrameworksBuildPhase;
			buildActionMask = 2147483647;
			files = (
				08638FCF1909968F006CB54E /* XCTest.framework in Frameworks */,
				08638FD11909968F006CB54E /* UIKit.framework in Frameworks */,
				08638FD01909968F006CB54E /* Foundation.framework in Frameworks */,
			);
			runOnlyForDeploymentPostprocessing = 0;
		};
/* End PBXFrameworksBuildPhase section */

/* Begin PBXGroup section */
		08638FA91909968F006CB54E = {
			isa = PBXGroup;
			children = (
				08638FBB1909968F006CB54E /* SurveyExample */,
				08638FD41909968F006CB54E /* SurveyExampleTests */,
				08638FB41909968F006CB54E /* Frameworks */,
				08638FB31909968F006CB54E /* Products */,
			);
			sourceTree = "<group>";
		};
		08638FB31909968F006CB54E /* Products */ = {
			isa = PBXGroup;
			children = (
				08638FB21909968F006CB54E /* SurveyExample.app */,
				08638FCD1909968F006CB54E /* SurveyExampleTests.xctest */,
			);
			name = Products;
			sourceTree = "<group>";
		};
		08638FB41909968F006CB54E /* Frameworks */ = {
			isa = PBXGroup;
			children = (
				08638FE419099696006CB54E /* libSurvey.a */,
				08638FB51909968F006CB54E /* Foundation.framework */,
				08638FB71909968F006CB54E /* CoreGraphics.framework */,
				08638FB91909968F006CB54E /* UIKit.framework */,
				08638FCE1909968F006CB54E /* XCTest.framework */,
			);
			name = Frameworks;
			sourceTree = "<group>";
		};
		08638FBB1909968F006CB54E /* SurveyExample */ = {
			isa = PBXGroup;
			children = (
				08D301EB1909D1A70031EBCF /* Controller */,
				08D301EA1909D1A50031EBCF /* Form */,
				08D301E91909D1990031EBCF /* Delegate */,
				08638FC71909968F006CB54E /* Images.xcassets */,
				08638FBC1909968F006CB54E /* Supporting Files */,
			);
			path = SurveyExample;
			sourceTree = "<group>";
		};
		08638FBC1909968F006CB54E /* Supporting Files */ = {
			isa = PBXGroup;
			children = (
				08638FBD1909968F006CB54E /* SurveyExample-Info.plist */,
				08638FBE1909968F006CB54E /* InfoPlist.strings */,
				08638FC11909968F006CB54E /* main.m */,
				08638FC31909968F006CB54E /* SurveyExample-Prefix.pch */,
			);
			name = "Supporting Files";
			sourceTree = "<group>";
		};
		08638FD41909968F006CB54E /* SurveyExampleTests */ = {
			isa = PBXGroup;
			children = (
				08638FDA1909968F006CB54E /* SurveyExampleTests.m */,
				08638FD51909968F006CB54E /* Supporting Files */,
			);
			path = SurveyExampleTests;
			sourceTree = "<group>";
		};
		08638FD51909968F006CB54E /* Supporting Files */ = {
			isa = PBXGroup;
			children = (
				08638FD61909968F006CB54E /* SurveyExampleTests-Info.plist */,
				08638FD71909968F006CB54E /* InfoPlist.strings */,
			);
			name = "Supporting Files";
			sourceTree = "<group>";
		};
		08D301E91909D1990031EBCF /* Delegate */ = {
			isa = PBXGroup;
			children = (
				08638FC41909968F006CB54E /* SEAppDelegate.h */,
				08638FC51909968F006CB54E /* SEAppDelegate.m */,
			);
			name = Delegate;
			sourceTree = "<group>";
		};
		08D301EA1909D1A50031EBCF /* Form */ = {
			isa = PBXGroup;
			children = (
				08D301EF1909D1CE0031EBCF /* SEUserForm.h */,
				08D301F01909D1CE0031EBCF /* SEUserForm.m */,
			);
			name = Form;
			sourceTree = "<group>";
		};
		08D301EB1909D1A70031EBCF /* Controller */ = {
			isa = PBXGroup;
			children = (
				08D301EC1909D1B80031EBCF /* SEUserFormTableViewController.h */,
				08D301ED1909D1B80031EBCF /* SEUserFormTableViewController.m */,
			);
			name = Controller;
			sourceTree = "<group>";
		};
/* End PBXGroup section */

/* Begin PBXNativeTarget section */
		08638FB11909968F006CB54E /* SurveyExample */ = {
			isa = PBXNativeTarget;
			buildConfigurationList = 08638FDE1909968F006CB54E /* Build configuration list for PBXNativeTarget "SurveyExample" */;
			buildPhases = (
				08638FAE1909968F006CB54E /* Sources */,
				08638FAF1909968F006CB54E /* Frameworks */,
				08638FB01909968F006CB54E /* Resources */,
			);
			buildRules = (
			);
			dependencies = (
			);
			name = SurveyExample;
			productName = SurveyExample;
			productReference = 08638FB21909968F006CB54E /* SurveyExample.app */;
			productType = "com.apple.product-type.application";
		};
		08638FCC1909968F006CB54E /* SurveyExampleTests */ = {
			isa = PBXNativeTarget;
			buildConfigurationList = 08638FE11909968F006CB54E /* Build configuration list for PBXNativeTarget "SurveyExampleTests" */;
			buildPhases = (
				08638FC91909968F006CB54E /* Sources */,
				08638FCA1909968F006CB54E /* Frameworks */,
				08638FCB1909968F006CB54E /* Resources */,
			);
			buildRules = (
			);
			dependencies = (
				08638FD31909968F006CB54E /* PBXTargetDependency */,
			);
			name = SurveyExampleTests;
			productName = SurveyExampleTests;
			productReference = 08638FCD1909968F006CB54E /* SurveyExampleTests.xctest */;
			productType = "com.apple.product-type.bundle.unit-test";
		};
/* End PBXNativeTarget section */

/* Begin PBXProject section */
		08638FAA1909968F006CB54E /* Project object */ = {
			isa = PBXProject;
			attributes = {
				CLASSPREFIX = SE;
				LastUpgradeCheck = 0510;
				ORGANIZATIONNAME = "Wess Cope";
				TargetAttributes = {
					08638FCC1909968F006CB54E = {
						TestTargetID = 08638FB11909968F006CB54E;
					};
				};
			};
			buildConfigurationList = 08638FAD1909968F006CB54E /* Build configuration list for PBXProject "SurveyExample" */;
			compatibilityVersion = "Xcode 3.2";
			developmentRegion = English;
			hasScannedForEncodings = 0;
			knownRegions = (
				en,
			);
			mainGroup = 08638FA91909968F006CB54E;
			productRefGroup = 08638FB31909968F006CB54E /* Products */;
			projectDirPath = "";
			projectRoot = "";
			targets = (
				08638FB11909968F006CB54E /* SurveyExample */,
				08638FCC1909968F006CB54E /* SurveyExampleTests */,
			);
		};
/* End PBXProject section */

/* Begin PBXResourcesBuildPhase section */
		08638FB01909968F006CB54E /* Resources */ = {
			isa = PBXResourcesBuildPhase;
			buildActionMask = 2147483647;
			files = (
				08638FC01909968F006CB54E /* InfoPlist.strings in Resources */,
				08638FC81909968F006CB54E /* Images.xcassets in Resources */,
			);
			runOnlyForDeploymentPostprocessing = 0;
		};
		08638FCB1909968F006CB54E /* Resources */ = {
			isa = PBXResourcesBuildPhase;
			buildActionMask = 2147483647;
			files = (
				08638FD91909968F006CB54E /* InfoPlist.strings in Resources */,
			);
			runOnlyForDeploymentPostprocessing = 0;
		};
/* End PBXResourcesBuildPhase section */

/* Begin PBXSourcesBuildPhase section */
		08638FAE1909968F006CB54E /* Sources */ = {
			isa = PBXSourcesBuildPhase;
			buildActionMask = 2147483647;
			files = (
				08638FC61909968F006CB54E /* SEAppDelegate.m in Sources */,
				08638FC21909968F006CB54E /* main.m in Sources */,
				08D301F11909D1CE0031EBCF /* SEUserForm.m in Sources */,
				08D301EE1909D1B80031EBCF /* SEUserFormTableViewController.m in Sources */,
			);
			runOnlyForDeploymentPostprocessing = 0;
		};
		08638FC91909968F006CB54E /* Sources */ = {
			isa = PBXSourcesBuildPhase;
			buildActionMask = 2147483647;
			files = (
				08638FDB1909968F006CB54E /* SurveyExampleTests.m in Sources */,
			);
			runOnlyForDeploymentPostprocessing = 0;
		};
/* End PBXSourcesBuildPhase section */

/* Begin PBXTargetDependency section */
		08638FD31909968F006CB54E /* PBXTargetDependency */ = {
			isa = PBXTargetDependency;
			target = 08638FB11909968F006CB54E /* SurveyExample */;
			targetProxy = 08638FD21909968F006CB54E /* PBXContainerItemProxy */;
		};
/* End PBXTargetDependency section */

/* Begin PBXVariantGroup section */
		08638FBE1909968F006CB54E /* InfoPlist.strings */ = {
			isa = PBXVariantGroup;
			children = (
				08638FBF1909968F006CB54E /* en */,
			);
			name = InfoPlist.strings;
			sourceTree = "<group>";
		};
		08638FD71909968F006CB54E /* InfoPlist.strings */ = {
			isa = PBXVariantGroup;
			children = (
				08638FD81909968F006CB54E /* en */,
			);
			name = InfoPlist.strings;
			sourceTree = "<group>";
		};
/* End PBXVariantGroup section */

/* Begin XCBuildConfiguration section */
		08638FDC1909968F006CB54E /* Debug */ = {
			isa = XCBuildConfiguration;
			buildSettings = {
				ALWAYS_SEARCH_USER_PATHS = NO;
				CLANG_CXX_LANGUAGE_STANDARD = "gnu++0x";
				CLANG_CXX_LIBRARY = "libc++";
				CLANG_ENABLE_MODULES = YES;
				CLANG_ENABLE_OBJC_ARC = YES;
				CLANG_WARN_BOOL_CONVERSION = YES;
				CLANG_WARN_CONSTANT_CONVERSION = YES;
				CLANG_WARN_DIRECT_OBJC_ISA_USAGE = YES_ERROR;
				CLANG_WARN_EMPTY_BODY = YES;
				CLANG_WARN_ENUM_CONVERSION = YES;
				CLANG_WARN_INT_CONVERSION = YES;
				CLANG_WARN_OBJC_ROOT_CLASS = YES_ERROR;
				CLANG_WARN__DUPLICATE_METHOD_MATCH = YES;
				"CODE_SIGN_IDENTITY[sdk=iphoneos*]" = "iPhone Developer";
				COPY_PHASE_STRIP = NO;
				GCC_C_LANGUAGE_STANDARD = gnu99;
				GCC_DYNAMIC_NO_PIC = NO;
				GCC_OPTIMIZATION_LEVEL = 0;
				GCC_PREPROCESSOR_DEFINITIONS = (
					"DEBUG=1",
					"$(inherited)",
				);
				GCC_SYMBOLS_PRIVATE_EXTERN = NO;
				GCC_WARN_64_TO_32_BIT_CONVERSION = YES;
				GCC_WARN_ABOUT_RETURN_TYPE = YES_ERROR;
				GCC_WARN_UNDECLARED_SELECTOR = YES;
				GCC_WARN_UNINITIALIZED_AUTOS = YES_AGGRESSIVE;
				GCC_WARN_UNUSED_FUNCTION = YES;
				GCC_WARN_UNUSED_VARIABLE = YES;
				IPHONEOS_DEPLOYMENT_TARGET = 7.1;
				ONLY_ACTIVE_ARCH = YES;
				SDKROOT = iphoneos;
			};
			name = Debug;
		};
		08638FDD1909968F006CB54E /* Release */ = {
			isa = XCBuildConfiguration;
			buildSettings = {
				ALWAYS_SEARCH_USER_PATHS = NO;
				CLANG_CXX_LANGUAGE_STANDARD = "gnu++0x";
				CLANG_CXX_LIBRARY = "libc++";
				CLANG_ENABLE_MODULES = YES;
				CLANG_ENABLE_OBJC_ARC = YES;
				CLANG_WARN_BOOL_CONVERSION = YES;
				CLANG_WARN_CONSTANT_CONVERSION = YES;
				CLANG_WARN_DIRECT_OBJC_ISA_USAGE = YES_ERROR;
				CLANG_WARN_EMPTY_BODY = YES;
				CLANG_WARN_ENUM_CONVERSION = YES;
				CLANG_WARN_INT_CONVERSION = YES;
				CLANG_WARN_OBJC_ROOT_CLASS = YES_ERROR;
				CLANG_WARN__DUPLICATE_METHOD_MATCH = YES;
				"CODE_SIGN_IDENTITY[sdk=iphoneos*]" = "iPhone Developer";
				COPY_PHASE_STRIP = YES;
				ENABLE_NS_ASSERTIONS = NO;
				GCC_C_LANGUAGE_STANDARD = gnu99;
				GCC_WARN_64_TO_32_BIT_CONVERSION = YES;
				GCC_WARN_ABOUT_RETURN_TYPE = YES_ERROR;
				GCC_WARN_UNDECLARED_SELECTOR = YES;
				GCC_WARN_UNINITIALIZED_AUTOS = YES_AGGRESSIVE;
				GCC_WARN_UNUSED_FUNCTION = YES;
				GCC_WARN_UNUSED_VARIABLE = YES;
				IPHONEOS_DEPLOYMENT_TARGET = 7.1;
				SDKROOT = iphoneos;
				VALIDATE_PRODUCT = YES;
			};
			name = Release;
		};
		08638FDF1909968F006CB54E /* Debug */ = {
			isa = XCBuildConfiguration;
			buildSettings = {
				ASSETCATALOG_COMPILER_APPICON_NAME = AppIcon;
				ASSETCATALOG_COMPILER_LAUNCHIMAGE_NAME = LaunchImage;
				GCC_PRECOMPILE_PREFIX_HEADER = YES;
				GCC_PREFIX_HEADER = "SurveyExample/SurveyExample-Prefix.pch";
				INFOPLIST_FILE = "SurveyExample/SurveyExample-Info.plist";
				LIBRARY_SEARCH_PATHS = "$(inherited)";
				OTHER_LDFLAGS = "-ObjC";
				PRODUCT_NAME = "$(TARGET_NAME)";
				WRAPPER_EXTENSION = app;
			};
			name = Debug;
		};
		08638FE01909968F006CB54E /* Release */ = {
			isa = XCBuildConfiguration;
			buildSettings = {
				ASSETCATALOG_COMPILER_APPICON_NAME = AppIcon;
				ASSETCATALOG_COMPILER_LAUNCHIMAGE_NAME = LaunchImage;
				GCC_PRECOMPILE_PREFIX_HEADER = YES;
				GCC_PREFIX_HEADER = "SurveyExample/SurveyExample-Prefix.pch";
				INFOPLIST_FILE = "SurveyExample/SurveyExample-Info.plist";
				LIBRARY_SEARCH_PATHS = "$(inherited)";
				OTHER_LDFLAGS = "-ObjC";
				PRODUCT_NAME = "$(TARGET_NAME)";
				WRAPPER_EXTENSION = app;
			};
			name = Release;
		};
		08638FE21909968F006CB54E /* Debug */ = {
			isa = XCBuildConfiguration;
			buildSettings = {
				BUNDLE_LOADER = "$(BUILT_PRODUCTS_DIR)/SurveyExample.app/SurveyExample";
				FRAMEWORK_SEARCH_PATHS = (
					"$(SDKROOT)/Developer/Library/Frameworks",
					"$(inherited)",
					"$(DEVELOPER_FRAMEWORKS_DIR)",
				);
				GCC_PRECOMPILE_PREFIX_HEADER = YES;
				GCC_PREFIX_HEADER = "SurveyExample/SurveyExample-Prefix.pch";
				GCC_PREPROCESSOR_DEFINITIONS = (
					"DEBUG=1",
					"$(inherited)",
				);
				INFOPLIST_FILE = "SurveyExampleTests/SurveyExampleTests-Info.plist";
				PRODUCT_NAME = "$(TARGET_NAME)";
				TEST_HOST = "$(BUNDLE_LOADER)";
				WRAPPER_EXTENSION = xctest;
			};
			name = Debug;
		};
		08638FE31909968F006CB54E /* Release */ = {
			isa = XCBuildConfiguration;
			buildSettings = {
				BUNDLE_LOADER = "$(BUILT_PRODUCTS_DIR)/SurveyExample.app/SurveyExample";
				FRAMEWORK_SEARCH_PATHS = (
					"$(SDKROOT)/Developer/Library/Frameworks",
					"$(inherited)",
					"$(DEVELOPER_FRAMEWORKS_DIR)",
				);
				GCC_PRECOMPILE_PREFIX_HEADER = YES;
				GCC_PREFIX_HEADER = "SurveyExample/SurveyExample-Prefix.pch";
				INFOPLIST_FILE = "SurveyExampleTests/SurveyExampleTests-Info.plist";
				PRODUCT_NAME = "$(TARGET_NAME)";
				TEST_HOST = "$(BUNDLE_LOADER)";
				WRAPPER_EXTENSION = xctest;
			};
			name = Release;
		};
/* End XCBuildConfiguration section */

/* Begin XCConfigurationList section */
		08638FAD1909968F006CB54E /* Build configuration list for PBXProject "SurveyExample" */ = {
			isa = XCConfigurationList;
			buildConfigurations = (
				08638FDC1909968F006CB54E /* Debug */,
				08638FDD1909968F006CB54E /* Release */,
			);
			defaultConfigurationIsVisible = 0;
			defaultConfigurationName = Release;
		};
		08638FDE1909968F006CB54E /* Build configuration list for PBXNativeTarget "SurveyExample" */ = {
			isa = XCConfigurationList;
			buildConfigurations = (
				08638FDF1909968F006CB54E /* Debug */,
				08638FE01909968F006CB54E /* Release */,
			);
			defaultConfigurationIsVisible = 0;
			defaultConfigurationName = Release;
		};
		08638FE11909968F006CB54E /* Build configuration list for PBXNativeTarget "SurveyExampleTests" */ = {
			isa = XCConfigurationList;
			buildConfigurations = (
				08638FE21909968F006CB54E /* Debug */,
				08638FE31909968F006CB54E /* Release */,
			);
			defaultConfigurationIsVisible = 0;
			defaultConfigurationName = Release;
		};
/* End XCConfigurationList section */
	};
	rootObject = 08638FAA1909968F006CB54E /* Project object */;
}
